
Microsoft Visual Studio Solution File, Format Version 12.00
# Visual Studio 15
VisualStudioVersion = 15.0.27428.2015
MinimumVisualStudioVersion = 10.0.40219.1
Project("{FAE04EC0-301F-11D3-BF4B-00C04F79EFBC}") = "Pharmacy-Manager", "Pharmacy-Manager\Pharmacy-Manager.csproj", "{412F6160-6BBA-4305-A3EA-F5EB211F2CFE}"
EndProject
Global
	GlobalSection(SolutionConfigurationPlatforms) = preSolution
		Debug|Any CPU = Debug|Any CPU
		Release|Any CPU = Release|Any CPU
	EndGlobalSection
	GlobalSection(ProjectConfigurationPlatforms) = postSolution
		{412F6160-6BBA-4305-A3EA-F5EB211F2CFE}.Debug|Any CPU.ActiveCfg = Debug|Any CPU
		{412F6160-6BBA-4305-A3EA-F5EB211F2CFE}.Debug|Any CPU.Build.0 = Debug|Any CPU
		{412F6160-6BBA-4305-A3EA-F5EB211F2CFE}.Release|Any CPU.ActiveCfg = Release|Any CPU
		{412F6160-6BBA-4305-A3EA-F5EB211F2CFE}.Release|Any CPU.Build.0 = Release|Any CPU
	EndGlobalSection
	GlobalSection(SolutionProperties) = preSolution
		HideSolutionNode = FALSE
	EndGlobalSection
	GlobalSection(ExtensibilityGlobals) = postSolution
		SolutionGuid = {7F7FAA60-4C90-4A0C-A55C-41FB5581E4B3}
	EndGlobalSection
EndGlobal
